<Solution>
  <Configurations>
    <Platform Name="Any CPU" />
    <Platform Name="x64" />
    <Platform Name="x86" />
  </Configurations>
  <Project Path="ApacheMinaSSHD.NET.Bindings/ApacheMinaSSHD.NET.Bindings.csproj" />
  <Project Path="ApacheMinaSSHD.NET.Wrapper.Tests/ApacheMinaSSHD.NET.Wrapper.Tests.csproj" />
  <Project Path="ApacheMinaSSHD.NET.Wrapper/ApacheMinaSSHD.NET.Wrapper.csproj" Id="5d73740f-0340-4b1d-a191-2d8718cfa960" />
  <Project Path="FileSystemHelper/FileSystemHelper.csproj" Id="fde48245-31f7-4d7f-82ed-6920dd1de216" />
  <Project Path="Sample/AuthenticationServer/AuthenticationServer.csproj" />
  <Project Path="Sample/AvaloniaSftpServer/AvaloniaSftpServer.csproj" />
  <Project Path="Sample/ConsoleSftpServer/ConsoleSftpServer.csproj" />
  <Project Path="Sample/DareSftpServer/DareSftpServer.csproj" />
  <Project Path="Sample/MinimalServer/MinimalServer.csproj" />
  <Project Path="Sample/PhotinoSftpServer/PhotinoSftpServer.csproj" />
  <Project Path="Sample/ProductionServer/ProductionServer.csproj" />
  <Project Path="Sample/ScpServer/ScpServer.csproj" />
  <Project Path="Sample/SessionMonitorServer/SessionMonitorServer.csproj" />
  <Project Path="Sample/SftpEventServer/SftpEventServer.csproj" />
  <Project Path="Sample/SimpleSSHDSever/SimpleSSHDSever.csproj">
    <Platform Solution="*|x64" Project="x64" />
    <Platform Solution="*|x86" Project="x86" />
  </Project>
  <Project Path="Sample/VirtualFileSystemServer/VirtualFileSystemServer.csproj" />
  <Project Path="SFTPServerWithNuget/SFTPServerWithNuget.csproj" Id="b3f16543-c10d-4eb1-b525-34df3240c3fa" />
</Solution>
